
Microsoft Visual Studio Solution File, Format Version 12.00
Project("{FAE04EC0-301F-11D3-BF4B-00C04F79EFBC}") = "ToDoListWeb", "ToDoListWeb\ToDoListWeb.csproj", "{0358CEF0-CF4D-4DF6-BEC9-B262FB409022}"
EndProject
Global
	GlobalSection(SolutionConfigurationPlatforms) = preSolution
		Debug|Any CPU = Debug|Any CPU
		Release|Any CPU = Release|Any CPU
	EndGlobalSection
	GlobalSection(ProjectConfigurationPlatforms) = postSolution
		{0358CEF0-CF4D-4DF6-BEC9-B262FB409022}.Debug|Any CPU.ActiveCfg = Debug|Any CPU
		{0358CEF0-CF4D-4DF6-BEC9-B262FB409022}.Debug|Any CPU.Build.0 = Debug|Any CPU
		{0358CEF0-CF4D-4DF6-BEC9-B262FB409022}.Release|Any CPU.ActiveCfg = Release|Any CPU
		{0358CEF0-CF4D-4DF6-BEC9-B262FB409022}.Release|Any CPU.Build.0 = Release|Any CPU
	EndGlobalSection
EndGlobal
